
Microsoft Visual Studio Solution File, Format Version 12.00
# Visual Studio 15
VisualStudioVersion = 15.0.28307.271
MinimumVisualStudioVersion = 10.0.40219.1
Project("{FAE04EC0-301F-11D3-BF4B-00C04F79EFBC}") = "ESM", "ESM\ESM.csproj", "{3906CCBA-12A6-4F68-98DB-D65B25D262CC}"
EndProject
Global
	GlobalSection(SolutionConfigurationPlatforms) = preSolution
		Debug|Any CPU = Debug|Any CPU
		Release|Any CPU = Release|Any CPU
	EndGlobalSection
	GlobalSection(ProjectConfigurationPlatforms) = postSolution
		{3906CCBA-12A6-4F68-98DB-D65B25D262CC}.Debug|Any CPU.ActiveCfg = Debug|Any CPU
		{3906CCBA-12A6-4F68-98DB-D65B25D262CC}.Debug|Any CPU.Build.0 = Debug|Any CPU
		{3906CCBA-12A6-4F68-98DB-D65B25D262CC}.Release|Any CPU.ActiveCfg = Release|Any CPU
		{3906CCBA-12A6-4F68-98DB-D65B25D262CC}.Release|Any CPU.Build.0 = Release|Any CPU
	EndGlobalSection
	GlobalSection(SolutionProperties) = preSolution
		HideSolutionNode = FALSE
	EndGlobalSection
	GlobalSection(ExtensibilityGlobals) = postSolution
		SolutionGuid = {227C9167-3C91-49B0-AB4D-1CA264212067}
	EndGlobalSection
EndGlobal
